
Microsoft Visual Studio Solution File, Format Version 12.00
# Visual Studio 15
VisualStudioVersion = 15.0.26730.10
MinimumVisualStudioVersion = 10.0.40219.1
Project("{E24C65DC-7377-472B-9ABA-BC803B73C61A}") = "DanielProject", ".", "{A4EE8BD1-063B-4DFD-9F10-B1860C77C116}"
	ProjectSection(WebsiteProperties) = preProject
		TargetFrameworkMoniker = ".NETFramework,Version%3Dv4.5"
		Debug.AspNetCompiler.VirtualPath = "/localhost_52184"
		Debug.AspNetCompiler.PhysicalPath = "..\DanielProject\"
		Debug.AspNetCompiler.TargetPath = "PrecompiledWeb\localhost_52184\"
		Debug.AspNetCompiler.Updateable = "true"
		Debug.AspNetCompiler.ForceOverwrite = "true"
		Debug.AspNetCompiler.FixedNames = "false"
		Debug.AspNetCompiler.Debug = "True"
		Release.AspNetCompiler.VirtualPath = "/localhost_52184"
		Release.AspNetCompiler.PhysicalPath = "..\DanielProject\"
		Release.AspNetCompiler.TargetPath = "PrecompiledWeb\localhost_52184\"
		Release.AspNetCompiler.Updateable = "true"
		Release.AspNetCompiler.ForceOverwrite = "true"
		Release.AspNetCompiler.FixedNames = "false"
		Release.AspNetCompiler.Debug = "False"
		VWDPort = "52184"
		SlnRelativePath = "..\DanielProject\"
	EndProjectSection
EndProject
Global
	GlobalSection(SolutionConfigurationPlatforms) = preSolution
		Debug|Any CPU = Debug|Any CPU
	EndGlobalSection
	GlobalSection(ProjectConfigurationPlatforms) = postSolution
		{A4EE8BD1-063B-4DFD-9F10-B1860C77C116}.Debug|Any CPU.ActiveCfg = Debug|Any CPU
		{A4EE8BD1-063B-4DFD-9F10-B1860C77C116}.Debug|Any CPU.Build.0 = Debug|Any CPU
	EndGlobalSection
	GlobalSection(SolutionProperties) = preSolution
		HideSolutionNode = FALSE
	EndGlobalSection
	GlobalSection(ExtensibilityGlobals) = postSolution
		SolutionGuid = {AA6FAC35-E7D3-437A-B944-79E9DFAC4D67}
	EndGlobalSection
EndGlobal
